
Microsoft Visual Studio Solution File, Format Version 12.00
# Visual Studio Version 16
VisualStudioVersion = 16.0.30413.136
MinimumVisualStudioVersion = 10.0.40219.1
Project("{888888A0-9F3D-457C-B088-3A5042F75D52}") = "reshenie kvadratnogo uravnenija", "reshenie kvadratnogo uravnenija\reshenie kvadratnogo uravnenija.pyproj", "{CBAE5695-266A-4912-AFD7-9EF47D686460}"
EndProject
Global
	GlobalSection(SolutionConfigurationPlatforms) = preSolution
		Debug|Any CPU = Debug|Any CPU
		Release|Any CPU = Release|Any CPU
	EndGlobalSection
	GlobalSection(ProjectConfigurationPlatforms) = postSolution
		{CBAE5695-266A-4912-AFD7-9EF47D686460}.Debug|Any CPU.ActiveCfg = Debug|Any CPU
		{CBAE5695-266A-4912-AFD7-9EF47D686460}.Release|Any CPU.ActiveCfg = Release|Any CPU
	EndGlobalSection
	GlobalSection(SolutionProperties) = preSolution
		HideSolutionNode = FALSE
	EndGlobalSection
	GlobalSection(ExtensibilityGlobals) = postSolution
		SolutionGuid = {1E7661C0-C928-4FAC-BFFA-F72FEE3163C8}
	EndGlobalSection
EndGlobal
